PODS:
  - AdvertiseAdmob (0.1.2):
    - GamePluginBase
  - AFNetworking (2.6.0):
    - AFNetworking/NSURLConnection (= 2.6.0)
    - AFNetworking/NSURLSession (= 2.6.0)
    - AFNetworking/Reachability (= 2.6.0)
    - AFNetworking/Security (= 2.6.0)
    - AFNetworking/Serialization (= 2.6.0)
    - AFNetworking/UIKit (= 2.6.0)
  - AFNetworking/NSURLConnection (2.6.0):
    - AFNetworking/Reachability
    - AFNetworking/Security
    - AFNetworking/Serialization
  - AFNetworking/NSURLSession (2.6.0):
    - AFNetworking/Reachability
    - AFNetworking/Security
    - AFNetworking/Serialization
  - AFNetworking/Reachability (2.6.0)
  - AFNetworking/Security (2.6.0)
  - AFNetworking/Serialization (2.6.0)
  - AFNetworking/UIKit (2.6.0):
    - AFNetworking/NSURLConnection
    - AFNetworking/NSURLSession
  - ALAssetsLibrary-CustomPhotoAlbum (1.3.0)
  - AmazonAWS (0.1.2):
    - AWSCognito (~> 2.2.4)
    - AWSCore (~> 2.2.4)
    - AWSMobileAnalytics (~> 2.2.4)
    - AWSSNS (~> 2.2.4)
    - GamePluginBase
  - AnalyticFL (0.1.0):
    - Flurry-iOS-SDK/FlurrySDK (<= 7.1.0)
    - GamePluginBase
  - AnalyticTD (0.1.0):
    - GamePluginBase (~> 0.1.0)
  - AWSCognito (2.2.7):
    - AWSCore (= 2.2.7)
  - AWSCore (2.2.7)
  - AWSMobileAnalytics (2.2.7):
    - AWSCore (= 2.2.7)
  - AWSSNS (2.2.7):
    - AWSCore (= 2.2.7)
  - Bolts (1.2.2):
    - Bolts/AppLinks (= 1.2.2)
    - Bolts/Tasks (= 1.2.2)
  - Bolts/AppLinks (1.2.2):
    - Bolts/Tasks
  - Bolts/Tasks (1.2.2)
  - Facebook (0.1.1):
    - Bolts (~> 1.2.0)
    - FBSDKCoreKit (~> 4.5.1)
    - FBSDKLoginKit (~> 4.5.1)
    - FBSDKShareKit (~> 4.5.1)
    - GamePluginBase
  - FBSDKCoreKit (4.5.1):
    - Bolts (~> 1.1)
    - FBSDKCoreKit/arc (= 4.5.1)
    - FBSDKCoreKit/no-arc (= 4.5.1)
  - FBSDKCoreKit/arc (4.5.1):
    - Bolts (~> 1.1)
  - FBSDKCoreKit/no-arc (4.5.1):
    - Bolts (~> 1.1)
    - FBSDKCoreKit/arc
  - FBSDKLoginKit (4.5.1):
    - FBSDKCoreKit
  - FBSDKShareKit (4.5.1):
    - FBSDKCoreKit
  - FeedBackFD (0.1.1):
    - GamePluginBase
    - MobihelpSDK (~> 1.6)
  - Flurry-iOS-SDK/FlurrySDK (7.1.0)
  - GameCenterManager (5.3):
    - Reachability
  - GamePluginBase (0.1.5)
  - GamePluginIOS (0.2.6):
    - AFNetworking (<= 2.6.0)
    - ALAssetsLibrary-CustomPhotoAlbum (<= 1.3.0)
    - GameCenterManager (<= 5.3)
    - GamePluginBase
    - iRate (<= 1.11.4)
    - MBProgressHUD (<= 0.9.1)
    - MD5Digest (<= 1.0.1)
    - Reachability (<= 3.2)
    - RMStore (<= 0.7.1)
    - RWBarChartView (<= 1.2.0)
    - Toast (<= 3.0)
    - UIAlertView+Block (<= 1.1.0)
  - iRate (1.11.4)
  - MBProgressHUD (0.9.1)
  - MD5Digest (1.0.1)
  - MobihelpSDK (1.6.5)
  - Reachability (3.2)
  - RMStore (0.7.1):
    - RMStore/Core (= 0.7.1)
  - RMStore/Core (0.7.1)
  - RWBarChartView (1.2.0)
  - Toast (3.0)
  - UIAlertView+Block (1.1.0)

DEPENDENCIES:
  - AdvertiseAdmob
  - AmazonAWS
  - AnalyticFL
  - AnalyticTD
  - Facebook
  - FeedBackFD
  - GamePluginIOS (from `../`)

EXTERNAL SOURCES:
  GamePluginIOS:
    :path: ../

SPEC CHECKSUMS:
  AdvertiseAdmob: 0a66f21a6c3e84221bf375edc434bd09ffc5a4f3
  AFNetworking: 79f7eb1a0fcfa7beb409332b2ca49afe9ce53b05
  ALAssetsLibrary-CustomPhotoAlbum: 4df413c22294b310f47c5525fa99523fd43419f9
  AmazonAWS: 58a25d5dc63bdf376f88d2e1a109786d03f7738a
  AnalyticFL: ec718321a1e96e30684e4c630cbe7579de26ac94
  AnalyticTD: a85f6fa0ad09f9bcbf7576e3ea90c4ac56398c1f
  AWSCognito: f88aa1b969dafc6208d417ebfa18b0f3b3746093
  AWSCore: d81e1e534040780deb0f3877aaa207d297e54b4c
  AWSMobileAnalytics: ee66bd427dcfa264088804776e94d82932ad07f5
  AWSSNS: 6f526c50d4013eacd4c35af4b9b35eb415d202ec
  Bolts: 20a2bd788273360cb1e31530dc19b8544eef2544
  Facebook: 49905662750b011d8b2700b8bc6e8ed5618fdfd3
  FBSDKCoreKit: f335eaf6865e1e1597dee1debfb533045500da47
  FBSDKLoginKit: 225cc9a388a92916ee3f3bb14422017b6e44b65b
  FBSDKShareKit: 642034ac9f30793dfd897851b724bb4281750266
  FeedBackFD: 6e253d573e68bd5b82399295d959439edd65e2fd
  Flurry-iOS-SDK: 7b3fe6c3344c82b73c4c84163652eada84fbfcf4
  GameCenterManager: e3a855e9db97b876a3a4a0605f5be30c6de9cebd
  GamePluginBase: 6a80d832346bb17a34704b714914c1c1d619c6fa
  GamePluginIOS: b270717fe000ec2a047861a574f713a565b086fa
  iRate: 599ed07c854e0695f3c605d1b2a64c67d912acb7
  MBProgressHUD: c47f2c166c126cf2ce36498d80f33e754d4e93ad
  MD5Digest: 2757ae2ee239148912a42063135c6fab2fa082f9
  MobihelpSDK: b0311fff3101e6767dfb37c6b2c8c939c3420ed3
  Reachability: 33e18b67625424e47b6cde6d202dce689ad7af96
  RMStore: 64ba13a9c040e3b7572765d169f77175cd3243e5
  RWBarChartView: d5dc5ec3358d7c769e46d39d848621717d43abb2
  Toast: 32c59229abfcf41850162b83bb9259dc84372473
  UIAlertView+Block: fa6fcfe2c5110d3b6e9b9d9bfb46ac9250007f65

COCOAPODS: 0.39.0
